
Microsoft Visual Studio Solution File, Format Version 12.00
# Visual Studio 2013
VisualStudioVersion = 12.0.21005.1
MinimumVisualStudioVersion = 10.0.40219.1
Project("{002A2DE9-8BB6-484D-9802-7E4AD4084715}") = "docopt", "docopt.visualdproj", "{BD5AC864-7974-4CB8-A041-AB84D0320137}"
EndProject
Project("{002A2DE9-8BB6-484D-9802-7E4AD4084715}") = "arguments", "arguments\arguments.visualdproj", "{A10D5686-52CF-4439-B34C-E13ACA3AD404}"
	ProjectSection(ProjectDependencies) = postProject
		{BD5AC864-7974-4CB8-A041-AB84D0320137} = {BD5AC864-7974-4CB8-A041-AB84D0320137}
	EndProjectSection
EndProject
Project("{002A2DE9-8BB6-484D-9802-7E4AD4084715}") = "test_docopt", "test_docopt\test_docopt.visualdproj", "{1C6E31B3-EEE7-4D5F-9CB0-D086496DAB92}"
	ProjectSection(ProjectDependencies) = postProject
		{BD5AC864-7974-4CB8-A041-AB84D0320137} = {BD5AC864-7974-4CB8-A041-AB84D0320137}
	EndProjectSection
EndProject
Project("{002A2DE9-8BB6-484D-9802-7E4AD4084715}") = "naval_fate", "naval_fate\naval_fate.visualdproj", "{A41E1B91-97E8-4ED7-BFA4-ED763DAE7726}"
EndProject
Global
	GlobalSection(SolutionConfigurationPlatforms) = preSolution
		Debug|Win32 = Debug|Win32
		Release|Win32 = Release|Win32
	EndGlobalSection
	GlobalSection(ProjectConfigurationPlatforms) = postSolution
		{BD5AC864-7974-4CB8-A041-AB84D0320137}.Debug|Win32.ActiveCfg = Debug|Win32
		{BD5AC864-7974-4CB8-A041-AB84D0320137}.Debug|Win32.Build.0 = Debug|Win32
		{BD5AC864-7974-4CB8-A041-AB84D0320137}.Release|Win32.ActiveCfg = Release|Win32
		{BD5AC864-7974-4CB8-A041-AB84D0320137}.Release|Win32.Build.0 = Release|Win32
		{A10D5686-52CF-4439-B34C-E13ACA3AD404}.Debug|Win32.ActiveCfg = Debug|Win32
		{A10D5686-52CF-4439-B34C-E13ACA3AD404}.Debug|Win32.Build.0 = Debug|Win32
		{A10D5686-52CF-4439-B34C-E13ACA3AD404}.Release|Win32.ActiveCfg = Release|Win32
		{A10D5686-52CF-4439-B34C-E13ACA3AD404}.Release|Win32.Build.0 = Release|Win32
		{1C6E31B3-EEE7-4D5F-9CB0-D086496DAB92}.Debug|Win32.ActiveCfg = Debug|Win32
		{1C6E31B3-EEE7-4D5F-9CB0-D086496DAB92}.Debug|Win32.Build.0 = Debug|Win32
		{1C6E31B3-EEE7-4D5F-9CB0-D086496DAB92}.Release|Win32.ActiveCfg = Release|Win32
		{1C6E31B3-EEE7-4D5F-9CB0-D086496DAB92}.Release|Win32.Build.0 = Release|Win32
		{A41E1B91-97E8-4ED7-BFA4-ED763DAE7726}.Debug|Win32.ActiveCfg = Debug|Win32
		{A41E1B91-97E8-4ED7-BFA4-ED763DAE7726}.Debug|Win32.Build.0 = Debug|Win32
		{A41E1B91-97E8-4ED7-BFA4-ED763DAE7726}.Release|Win32.ActiveCfg = Release|Win32
		{A41E1B91-97E8-4ED7-BFA4-ED763DAE7726}.Release|Win32.Build.0 = Release|Win32
	EndGlobalSection
	GlobalSection(SolutionProperties) = preSolution
		HideSolutionNode = FALSE
	EndGlobalSection
EndGlobal
